
Microsoft Visual Studio Solution File, Format Version 12.00
# Visual Studio Version 17
VisualStudioVersion = 17.11.35219.272
MinimumVisualStudioVersion = 10.0.40219.1
Project("{FAE04EC0-301F-11D3-BF4B-00C04F79EFBC}") = "PersonalInfo(PracticeWithStrings)", "PersonalInfo(PracticeWithStrings).csproj", "{116D1076-35D5-4BF4-A6E7-02895B440319}"
EndProject
Global
	GlobalSection(SolutionConfigurationPlatforms) = preSolution
		Debug|Any CPU = Debug|Any CPU
		Release|Any CPU = Release|Any CPU
	EndGlobalSection
	GlobalSection(ProjectConfigurationPlatforms) = postSolution
		{116D1076-35D5-4BF4-A6E7-02895B440319}.Debug|Any CPU.ActiveCfg = Debug|Any CPU
		{116D1076-35D5-4BF4-A6E7-02895B440319}.Debug|Any CPU.Build.0 = Debug|Any CPU
		{116D1076-35D5-4BF4-A6E7-02895B440319}.Release|Any CPU.ActiveCfg = Release|Any CPU
		{116D1076-35D5-4BF4-A6E7-02895B440319}.Release|Any CPU.Build.0 = Release|Any CPU
	EndGlobalSection
	GlobalSection(SolutionProperties) = preSolution
		HideSolutionNode = FALSE
	EndGlobalSection
	GlobalSection(ExtensibilityGlobals) = postSolution
		SolutionGuid = {55685E37-EDD3-47F7-858F-BADE84423C4C}
	EndGlobalSection
EndGlobal
